{
  "version": 4,
  "terraform_version": "0.14.3",
  "serial": 9,
  "lineage": "cfef96eb-9110-9904-98a3-ecf071abb399",
  "outputs": {
    "rgname": {
      "value": "/subscriptions/3f1757e1-b938-4c4f-8f00-6d2728f49f8d/resourceGroups/AzureRMResourcegroup",
      "type": "string"
    }
  },
  "resources": [
    {
      "mode": "managed",
      "type": "azurerm_resource_group",
      "name": "resourcegroup",
      "provider": "provider[\"registry.terraform.io/hashicorp/azurerm\"]",
      "instances": [
        {
          "schema_version": 0,
          "attributes": {
            "id": "/subscriptions/3f1757e1-b938-4c4f-8f00-6d2728f49f8d/resourceGroups/AzureRMResourcegroup",
            "location": "eastus",
            "name": "AzureRMResourcegroup",
            "tags": {
              "environment": "Development"
            },
            "timeouts": null
          },
          "sensitive_attributes": [],
          "private": "eyJlMmJmYjczMC1lY2FhLTExZTYtOGY4OC0zNDM2M2JjN2M0YzAiOnsiY3JlYXRlIjo1NDAwMDAwMDAwMDAwLCJkZWxldGUiOjU0MDAwMDAwMDAwMDAsInJlYWQiOjMwMDAwMDAwMDAwMCwidXBkYXRlIjo1NDAwMDAwMDAwMDAwfX0="
        }
      ]
    }
  ]
}
